
Microsoft Visual Studio Solution File, Format Version 12.00
# Visual Studio Version 17
VisualStudioVersion = 17.13.35806.99
MinimumVisualStudioVersion = 10.0.40219.1
Project("{FAE04EC0-301F-11D3-BF4B-00C04F79EFBC}") = "Hello World", "Hello World.csproj", "{EFA06D86-410C-4CB5-B8D6-E2408223A3EC}"
EndProject
Project("{54435603-DBB4-11D2-8724-00A0C9A8B90C}") = "Hello-World-Installer", "..\Hello-World-Installer\Hello-World-Installer.vdproj", "{03346B2F-12BC-6139-329F-CD56B4AF07D5}"
EndProject
Global
	GlobalSection(SolutionConfigurationPlatforms) = preSolution
		Debug|Any CPU = Debug|Any CPU
		Release|Any CPU = Release|Any CPU
	EndGlobalSection
	GlobalSection(ProjectConfigurationPlatforms) = postSolution
		{EFA06D86-410C-4CB5-B8D6-E2408223A3EC}.Debug|Any CPU.ActiveCfg = Debug|Any CPU
		{EFA06D86-410C-4CB5-B8D6-E2408223A3EC}.Debug|Any CPU.Build.0 = Debug|Any CPU
		{EFA06D86-410C-4CB5-B8D6-E2408223A3EC}.Release|Any CPU.ActiveCfg = Release|Any CPU
		{EFA06D86-410C-4CB5-B8D6-E2408223A3EC}.Release|Any CPU.Build.0 = Release|Any CPU
		{03346B2F-12BC-6139-329F-CD56B4AF07D5}.Debug|Any CPU.ActiveCfg = Debug
		{03346B2F-12BC-6139-329F-CD56B4AF07D5}.Release|Any CPU.ActiveCfg = Release
	EndGlobalSection
	GlobalSection(SolutionProperties) = preSolution
		HideSolutionNode = FALSE
	EndGlobalSection
	GlobalSection(ExtensibilityGlobals) = postSolution
		SolutionGuid = {509AB412-33FF-4F66-A1F4-FEF0928B0454}
	EndGlobalSection
EndGlobal
